
Microsoft Visual Studio Solution File, Format Version 12.00
# Visual Studio Version 16
VisualStudioVersion = 16.0.28803.452
MinimumVisualStudioVersion = 10.0.40219.1
Project("{FAE04EC0-301F-11D3-BF4B-00C04F79EFBC}") = "MangalysServer", "..\MangalysServer\MangalysServer.csproj", "{3E095D18-851A-4A39-9BDB-EB78BBE0C8AB}"
EndProject
Project("{FAE04EC0-301F-11D3-BF4B-00C04F79EFBC}") = "MangalysClient", "..\MangalysClient\MangalysClient.csproj", "{6C944EBA-F51B-4063-8DAD-30C21ECC78AF}"
EndProject
Project("{FAE04EC0-301F-11D3-BF4B-00C04F79EFBC}") = "MangalysProtocol", "..\MangalysProtocol\MangalysProtocol.csproj", "{6CCF571C-FA25-4793-8AA5-79CC24184BA0}"
EndProject
Global
	GlobalSection(SolutionConfigurationPlatforms) = preSolution
		Debug|Any CPU = Debug|Any CPU
		Release|Any CPU = Release|Any CPU
	EndGlobalSection
	GlobalSection(ProjectConfigurationPlatforms) = postSolution
		{3E095D18-851A-4A39-9BDB-EB78BBE0C8AB}.Debug|Any CPU.ActiveCfg = Debug|Any CPU
		{3E095D18-851A-4A39-9BDB-EB78BBE0C8AB}.Debug|Any CPU.Build.0 = Debug|Any CPU
		{3E095D18-851A-4A39-9BDB-EB78BBE0C8AB}.Release|Any CPU.ActiveCfg = Release|Any CPU
		{3E095D18-851A-4A39-9BDB-EB78BBE0C8AB}.Release|Any CPU.Build.0 = Release|Any CPU
		{6C944EBA-F51B-4063-8DAD-30C21ECC78AF}.Debug|Any CPU.ActiveCfg = Debug|Any CPU
		{6C944EBA-F51B-4063-8DAD-30C21ECC78AF}.Debug|Any CPU.Build.0 = Debug|Any CPU
		{6C944EBA-F51B-4063-8DAD-30C21ECC78AF}.Release|Any CPU.ActiveCfg = Release|Any CPU
		{6C944EBA-F51B-4063-8DAD-30C21ECC78AF}.Release|Any CPU.Build.0 = Release|Any CPU
		{6CCF571C-FA25-4793-8AA5-79CC24184BA0}.Debug|Any CPU.ActiveCfg = Debug|Any CPU
		{6CCF571C-FA25-4793-8AA5-79CC24184BA0}.Debug|Any CPU.Build.0 = Debug|Any CPU
		{6CCF571C-FA25-4793-8AA5-79CC24184BA0}.Release|Any CPU.ActiveCfg = Release|Any CPU
		{6CCF571C-FA25-4793-8AA5-79CC24184BA0}.Release|Any CPU.Build.0 = Release|Any CPU
	EndGlobalSection
	GlobalSection(SolutionProperties) = preSolution
		HideSolutionNode = FALSE
	EndGlobalSection
	GlobalSection(ExtensibilityGlobals) = postSolution
		SolutionGuid = {CD9AE9C6-168F-4554-938A-E5ED0E9DC2B0}
	EndGlobalSection
EndGlobal
